{
  "name": "vulnerable-sample",
  "version": "1.0.0",
  "lockfileVersion": 1,
  "requires": true,
  "dependencies": {
    "unnamed-js": {
      "version": "1.0.3",
      "resolved": "https://registry.npmjs.org/unnamed-js/-/unnamed-js-1.0.3.tgz",
      "integrity": "sha512-GNqce6scPubi+8LaiMgcJgKUpjr3nsx312ZgaygfG4bgJ0OkPqHJ21KVPUpi4/ozwvkiEkwV6SLIaQZoqY/8LA=="
    }
  }
}
